// !$*UTF8*$!
{
	archiveVersion = 1;
	classes = {
	};
	objectVersion = 56;
	objects = {

/* Begin PBXBuildFile section */
		183BF82D11DC07A665ED68D6 /* Pods_CustomizableUIComponents.framework in Frameworks */ = {isa = PBXBuildFile; fileRef = 304452D0F5DE3EDD3904F0D5 /* Pods_CustomizableUIComponents.framework */; };
		1892C6002AD73FD500EB794B /* CustomizableUIComponentsApp.swift in Sources */ = {isa = PBXBuildFile; fileRef = 1892C5FF2AD73FD500EB794B /* CustomizableUIComponentsApp.swift */; };
		1892C6022AD73FD500EB794B /* ContentView.swift in Sources */ = {isa = PBXBuildFile; fileRef = 1892C6012AD73FD500EB794B /* ContentView.swift */; };
		1892C6042AD73FD600EB794B /* Assets.xcassets in Resources */ = {isa = PBXBuildFile; fileRef = 1892C6032AD73FD600EB794B /* Assets.xcassets */; };
		1892C6072AD73FD600EB794B /* Preview Assets.xcassets in Resources */ = {isa = PBXBuildFile; fileRef = 1892C6062AD73FD600EB794B /* Preview Assets.xcassets */; };
		18BC4CE92AD749FC00F8B17D /* bouncing.json in Resources */ = {isa = PBXBuildFile; fileRef = 18BC4CE82AD749FC00F8B17D /* bouncing.json */; };
/* End PBXBuildFile section */

/* Begin PBXFileReference section */
		1892C5FC2AD73FD500EB794B /* CustomizableUIComponents.app */ = {isa = PBXFileReference; explicitFileType = wrapper.application; includeInIndex = 0; path = CustomizableUIComponents.app; sourceTree = BUILT_PRODUCTS_DIR; };
		1892C5FF2AD73FD500EB794B /* CustomizableUIComponentsApp.swift */ = {isa = PBXFileReference; lastKnownFileType = sourcecode.swift; path = CustomizableUIComponentsApp.swift; sourceTree = "<group>"; };
		1892C6012AD73FD500EB794B /* ContentView.swift */ = {isa = PBXFileReference; lastKnownFileType = sourcecode.swift; path = ContentView.swift; sourceTree = "<group>"; };
		1892C6032AD73FD600EB794B /* Assets.xcassets */ = {isa = PBXFileReference; lastKnownFileType = folder.assetcatalog; path = Assets.xcassets; sourceTree = "<group>"; };
		1892C6062AD73FD600EB794B /* Preview Assets.xcassets */ = {isa = PBXFileReference; lastKnownFileType = folder.assetcatalog; path = "Preview Assets.xcassets"; sourceTree = "<group>"; };
		18BC4CE82AD749FC00F8B17D /* bouncing.json */ = {isa = PBXFileReference; fileEncoding = 4; lastKnownFileType = text.json; path = bouncing.json; sourceTree = "<group>"; };
		304452D0F5DE3EDD3904F0D5 /* Pods_CustomizableUIComponents.framework */ = {isa = PBXFileReference; explicitFileType = wrapper.framework; includeInIndex = 0; path = Pods_CustomizableUIComponents.framework; sourceTree = BUILT_PRODUCTS_DIR; };
		607CB45A562A7FDF1BB23CEA /* Pods-CustomizableUIComponents.debug.xcconfig */ = {isa = PBXFileReference; includeInIndex = 1; lastKnownFileType = text.xcconfig; name = "Pods-CustomizableUIComponents.debug.xcconfig"; path = "Target Support Files/Pods-CustomizableUIComponents/Pods-CustomizableUIComponents.debug.xcconfig"; sourceTree = "<group>"; };
		8820F5AECD28E8375B6951DD /* Pods-CustomizableUIComponents.release.xcconfig */ = {isa = PBXFileReference; includeInIndex = 1; lastKnownFileType = text.xcconfig; name = "Pods-CustomizableUIComponents.release.xcconfig"; path = "Target Support Files/Pods-CustomizableUIComponents/Pods-CustomizableUIComponents.release.xcconfig"; sourceTree = "<group>"; };
/* End PBXFileReference section */

/* Begin PBXFrameworksBuildPhase section */
		1892C5F92AD73FD500EB794B /* Frameworks */ = {
			isa = PBXFrameworksBuildPhase;
			buildActionMask = 2147483647;
			files = (
				183BF82D11DC07A665ED68D6 /* Pods_CustomizableUIComponents.framework in Frameworks */,
			);
			runOnlyForDeploymentPostprocessing = 0;
		};
/* End PBXFrameworksBuildPhase section */

/* Begin PBXGroup section */
		159C4BD1EF2BA0842BFBBEDB /* Pods */ = {
			isa = PBXGroup;
			children = (
				607CB45A562A7FDF1BB23CEA /* Pods-CustomizableUIComponents.debug.xcconfig */,
				8820F5AECD28E8375B6951DD /* Pods-CustomizableUIComponents.release.xcconfig */,
			);
			path = Pods;
			sourceTree = "<group>";
		};
		1892C5F32AD73FD500EB794B = {
			isa = PBXGroup;
			children = (
				1892C5FE2AD73FD500EB794B /* CustomizableUIComponents */,
				1892C5FD2AD73FD500EB794B /* Products */,
				159C4BD1EF2BA0842BFBBEDB /* Pods */,
				8AA7CA8E8D56E586B8EEE6FC /* Frameworks */,
			);
			sourceTree = "<group>";
		};
		1892C5FD2AD73FD500EB794B /* Products */ = {
			isa = PBXGroup;
			children = (
				1892C5FC2AD73FD500EB794B /* CustomizableUIComponents.app */,
			);
			name = Products;
			sourceTree = "<group>";
		};
		1892C5FE2AD73FD500EB794B /* CustomizableUIComponents */ = {
			isa = PBXGroup;
			children = (
				18BC4CE72AD7495F00F8B17D /* Assets */,
				1892C5FF2AD73FD500EB794B /* CustomizableUIComponentsApp.swift */,
				1892C6012AD73FD500EB794B /* ContentView.swift */,
				1892C6032AD73FD600EB794B /* Assets.xcassets */,
				1892C6052AD73FD600EB794B /* Preview Content */,
			);
			path = CustomizableUIComponents;
			sourceTree = "<group>";
		};
		1892C6052AD73FD600EB794B /* Preview Content */ = {
			isa = PBXGroup;
			children = (
				1892C6062AD73FD600EB794B /* Preview Assets.xcassets */,
			);
			path = "Preview Content";
			sourceTree = "<group>";
		};
		18BC4CE72AD7495F00F8B17D /* Assets */ = {
			isa = PBXGroup;
			children = (
				18BC4CE82AD749FC00F8B17D /* bouncing.json */,
			);
			path = Assets;
			sourceTree = "<group>";
		};
		8AA7CA8E8D56E586B8EEE6FC /* Frameworks */ = {
			isa = PBXGroup;
			children = (
				304452D0F5DE3EDD3904F0D5 /* Pods_CustomizableUIComponents.framework */,
			);
			name = Frameworks;
			sourceTree = "<group>";
		};
/* End PBXGroup section */

/* Begin PBXNativeTarget section */
		1892C5FB2AD73FD500EB794B /* CustomizableUIComponents */ = {
			isa = PBXNativeTarget;
			buildConfigurationList = 1892C60A2AD73FD600EB794B /* Build configuration list for PBXNativeTarget "CustomizableUIComponents" */;
			buildPhases = (
				3912E2E4C737813916BB64BF /* [CP] Check Pods Manifest.lock */,
				1892C5F82AD73FD500EB794B /* Sources */,
				1892C5F92AD73FD500EB794B /* Frameworks */,
				1892C5FA2AD73FD500EB794B /* Resources */,
				D7656B4D30EC9D00F3D5B239 /* [CP] Embed Pods Frameworks */,
			);
			buildRules = (
			);
			dependencies = (
			);
			name = CustomizableUIComponents;
			productName = CustomizableUIComponents;
			productReference = 1892C5FC2AD73FD500EB794B /* CustomizableUIComponents.app */;
			productType = "com.apple.product-type.application";
		};
/* End PBXNativeTarget section */

/* Begin PBXProject section */
		1892C5F42AD73FD500EB794B /* Project object */ = {
			isa = PBXProject;
			attributes = {
				BuildIndependentTargetsInParallel = 1;
				LastSwiftUpdateCheck = 1430;
				LastUpgradeCheck = 1430;
				TargetAttributes = {
					1892C5FB2AD73FD500EB794B = {
						CreatedOnToolsVersion = 14.3;
					};
				};
			};
			buildConfigurationList = 1892C5F72AD73FD500EB794B /* Build configuration list for PBXProject "CustomizableUIComponents" */;
			compatibilityVersion = "Xcode 14.0";
			developmentRegion = en;
			hasScannedForEncodings = 0;
			knownRegions = (
				en,
				Base,
			);
			mainGroup = 1892C5F32AD73FD500EB794B;
			productRefGroup = 1892C5FD2AD73FD500EB794B /* Products */;
			projectDirPath = "";
			projectRoot = "";
			targets = (
				1892C5FB2AD73FD500EB794B /* CustomizableUIComponents */,
			);
		};
/* End PBXProject section */

/* Begin PBXResourcesBuildPhase section */
		1892C5FA2AD73FD500EB794B /* Resources */ = {
			isa = PBXResourcesBuildPhase;
			buildActionMask = 2147483647;
			files = (
				18BC4CE92AD749FC00F8B17D /* bouncing.json in Resources */,
				1892C6072AD73FD600EB794B /* Preview Assets.xcassets in Resources */,
				1892C6042AD73FD600EB794B /* Assets.xcassets in Resources */,
			);
			runOnlyForDeploymentPostprocessing = 0;
		};
/* End PBXResourcesBuildPhase section */

/* Begin PBXShellScriptBuildPhase section */
		3912E2E4C737813916BB64BF /* [CP] Check Pods Manifest.lock */ = {
			isa = PBXShellScriptBuildPhase;
			buildActionMask = 2147483647;
			files = (
			);
			inputFileListPaths = (
			);
			inputPaths = (
				"${PODS_PODFILE_DIR_PATH}/Podfile.lock",
				"${PODS_ROOT}/Manifest.lock",
			);
			name = "[CP] Check Pods Manifest.lock";
			outputFileListPaths = (
			);
			outputPaths = (
				"$(DERIVED_FILE_DIR)/Pods-CustomizableUIComponents-checkManifestLockResult.txt",
			);
			runOnlyForDeploymentPostprocessing = 0;
			shellPath = /bin/sh;
			shellScript = "diff \"${PODS_PODFILE_DIR_PATH}/Podfile.lock\" \"${PODS_ROOT}/Manifest.lock\" > /dev/null\nif [ $? != 0 ] ; then\n    # print error to STDERR\n    echo \"error: The sandbox is not in sync with the Podfile.lock. Run 'pod install' or update your CocoaPods installation.\" >&2\n    exit 1\nfi\n# This output is used by Xcode 'outputs' to avoid re-running this script phase.\necho \"SUCCESS\" > \"${SCRIPT_OUTPUT_FILE_0}\"\n";
			showEnvVarsInLog = 0;
		};
		D7656B4D30EC9D00F3D5B239 /* [CP] Embed Pods Frameworks */ = {
			isa = PBXShellScriptBuildPhase;
			buildActionMask = 2147483647;
			files = (
			);
			inputFileListPaths = (
				"${PODS_ROOT}/Target Support Files/Pods-CustomizableUIComponents/Pods-CustomizableUIComponents-frameworks-${CONFIGURATION}-input-files.xcfilelist",
			);
			name = "[CP] Embed Pods Frameworks";
			outputFileListPaths = (
				"${PODS_ROOT}/Target Support Files/Pods-CustomizableUIComponents/Pods-CustomizableUIComponents-frameworks-${CONFIGURATION}-output-files.xcfilelist",
			);
			runOnlyForDeploymentPostprocessing = 0;
			shellPath = /bin/sh;
			shellScript = "\"${PODS_ROOT}/Target Support Files/Pods-CustomizableUIComponents/Pods-CustomizableUIComponents-frameworks.sh\"\n";
			showEnvVarsInLog = 0;
		};
/* End PBXShellScriptBuildPhase section */

/* Begin PBXSourcesBuildPhase section */
		1892C5F82AD73FD500EB794B /* Sources */ = {
			isa = PBXSourcesBuildPhase;
			buildActionMask = 2147483647;
			files = (
				1892C6022AD73FD500EB794B /* ContentView.swift in Sources */,
				1892C6002AD73FD500EB794B /* CustomizableUIComponentsApp.swift in Sources */,
			);
			runOnlyForDeploymentPostprocessing = 0;
		};
/* End PBXSourcesBuildPhase section */

/* Begin XCBuildConfiguration section */
		1892C6082AD73FD600EB794B /* Debug */ = {
			isa = XCBuildConfiguration;
			buildSettings = {
				ALWAYS_SEARCH_USER_PATHS = NO;
				CLANG_ANALYZER_NONNULL = YES;
				CLANG_ANALYZER_NUMBER_OBJECT_CONVERSION = YES_AGGRESSIVE;
				CLANG_CXX_LANGUAGE_STANDARD = "gnu++20";
				CLANG_ENABLE_MODULES = YES;
				CLANG_ENABLE_OBJC_ARC = YES;
				CLANG_ENABLE_OBJC_WEAK = YES;
				CLANG_WARN_BLOCK_CAPTURE_AUTORELEASING = YES;
				CLANG_WARN_BOOL_CONVERSION = YES;
				CLANG_WARN_COMMA = YES;
				CLANG_WARN_CONSTANT_CONVERSION = YES;
				CLANG_WARN_DEPRECATED_OBJC_IMPLEMENTATIONS = YES;
				CLANG_WARN_DIRECT_OBJC_ISA_USAGE = YES_ERROR;
				CLANG_WARN_DOCUMENTATION_COMMENTS = YES;
				CLANG_WARN_EMPTY_BODY = YES;
				CLANG_WARN_ENUM_CONVERSION = YES;
				CLANG_WARN_INFINITE_RECURSION = YES;
				CLANG_WARN_INT_CONVERSION = YES;
				CLANG_WARN_NON_LITERAL_NULL_CONVERSION = YES;
				CLANG_WARN_OBJC_IMPLICIT_RETAIN_SELF = YES;
				CLANG_WARN_OBJC_LITERAL_CONVERSION = YES;
				CLANG_WARN_OBJC_ROOT_CLASS = YES_ERROR;
				CLANG_WARN_QUOTED_INCLUDE_IN_FRAMEWORK_HEADER = YES;
				CLANG_WARN_RANGE_LOOP_ANALYSIS = YES;
				CLANG_WARN_STRICT_PROTOTYPES = YES;
				CLANG_WARN_SUSPICIOUS_MOVE = YES;
				CLANG_WARN_UNGUARDED_AVAILABILITY = YES_AGGRESSIVE;
				CLANG_WARN_UNREACHABLE_CODE = YES;
				CLANG_WARN__DUPLICATE_METHOD_MATCH = YES;
				COPY_PHASE_STRIP = NO;
				DEBUG_INFORMATION_FORMAT = dwarf;
				ENABLE_STRICT_OBJC_MSGSEND = YES;
				ENABLE_TESTABILITY = YES;
				GCC_C_LANGUAGE_STANDARD = gnu11;
				GCC_DYNAMIC_NO_PIC = NO;
				GCC_NO_COMMON_BLOCKS = YES;
				GCC_OPTIMIZATION_LEVEL = 0;
				GCC_PREPROCESSOR_DEFINITIONS = (
					"DEBUG=1",
					"$(inherited)",
				);
				GCC_WARN_64_TO_32_BIT_CONVERSION = YES;
				GCC_WARN_ABOUT_RETURN_TYPE = YES_ERROR;
				GCC_WARN_UNDECLARED_SELECTOR = YES;
				GCC_WARN_UNINITIALIZED_AUTOS = YES_AGGRESSIVE;
				GCC_WARN_UNUSED_FUNCTION = YES;
				GCC_WARN_UNUSED_VARIABLE = YES;
				IPHONEOS_DEPLOYMENT_TARGET = 16.4;
				MTL_ENABLE_DEBUG_INFO = INCLUDE_SOURCE;
				MTL_FAST_MATH = YES;
				ONLY_ACTIVE_ARCH = YES;
				SDKROOT = iphoneos;
				SWIFT_ACTIVE_COMPILATION_CONDITIONS = DEBUG;
				SWIFT_OPTIMIZATION_LEVEL = "-Onone";
			};
			name = Debug;
		};
		1892C6092AD73FD600EB794B /* Release */ = {
			isa = XCBuildConfiguration;
			buildSettings = {
				ALWAYS_SEARCH_USER_PATHS = NO;
				CLANG_ANALYZER_NONNULL = YES;
				CLANG_ANALYZER_NUMBER_OBJECT_CONVERSION = YES_AGGRESSIVE;
				CLANG_CXX_LANGUAGE_STANDARD = "gnu++20";
				CLANG_ENABLE_MODULES = YES;
				CLANG_ENABLE_OBJC_ARC = YES;
				CLANG_ENABLE_OBJC_WEAK = YES;
				CLANG_WARN_BLOCK_CAPTURE_AUTORELEASING = YES;
				CLANG_WARN_BOOL_CONVERSION = YES;
				CLANG_WARN_COMMA = YES;
				CLANG_WARN_CONSTANT_CONVERSION = YES;
				CLANG_WARN_DEPRECATED_OBJC_IMPLEMENTATIONS = YES;
				CLANG_WARN_DIRECT_OBJC_ISA_USAGE = YES_ERROR;
				CLANG_WARN_DOCUMENTATION_COMMENTS = YES;
				CLANG_WARN_EMPTY_BODY = YES;
				CLANG_WARN_ENUM_CONVERSION = YES;
				CLANG_WARN_INFINITE_RECURSION = YES;
				CLANG_WARN_INT_CONVERSION = YES;
				CLANG_WARN_NON_LITERAL_NULL_CONVERSION = YES;
				CLANG_WARN_OBJC_IMPLICIT_RETAIN_SELF = YES;
				CLANG_WARN_OBJC_LITERAL_CONVERSION = YES;
				CLANG_WARN_OBJC_ROOT_CLASS = YES_ERROR;
				CLANG_WARN_QUOTED_INCLUDE_IN_FRAMEWORK_HEADER = YES;
				CLANG_WARN_RANGE_LOOP_ANALYSIS = YES;
				CLANG_WARN_STRICT_PROTOTYPES = YES;
				CLANG_WARN_SUSPICIOUS_MOVE = YES;
				CLANG_WARN_UNGUARDED_AVAILABILITY = YES_AGGRESSIVE;
				CLANG_WARN_UNREACHABLE_CODE = YES;
				CLANG_WARN__DUPLICATE_METHOD_MATCH = YES;
				COPY_PHASE_STRIP = NO;
				DEBUG_INFORMATION_FORMAT = "dwarf-with-dsym";
				ENABLE_NS_ASSERTIONS = NO;
				ENABLE_STRICT_OBJC_MSGSEND = YES;
				GCC_C_LANGUAGE_STANDARD = gnu11;
				GCC_NO_COMMON_BLOCKS = YES;
				GCC_WARN_64_TO_32_BIT_CONVERSION = YES;
				GCC_WARN_ABOUT_RETURN_TYPE = YES_ERROR;
				GCC_WARN_UNDECLARED_SELECTOR = YES;
				GCC_WARN_UNINITIALIZED_AUTOS = YES_AGGRESSIVE;
				GCC_WARN_UNUSED_FUNCTION = YES;
				GCC_WARN_UNUSED_VARIABLE = YES;
				IPHONEOS_DEPLOYMENT_TARGET = 16.4;
				MTL_ENABLE_DEBUG_INFO = NO;
				MTL_FAST_MATH = YES;
				SDKROOT = iphoneos;
				SWIFT_COMPILATION_MODE = wholemodule;
				SWIFT_OPTIMIZATION_LEVEL = "-O";
				VALIDATE_PRODUCT = YES;
			};
			name = Release;
		};
		1892C60B2AD73FD600EB794B /* Debug */ = {
			isa = XCBuildConfiguration;
			baseConfigurationReference = 607CB45A562A7FDF1BB23CEA /* Pods-CustomizableUIComponents.debug.xcconfig */;
			buildSettings = {
				ASSETCATALOG_COMPILER_APPICON_NAME = AppIcon;
				ASSETCATALOG_COMPILER_GLOBAL_ACCENT_COLOR_NAME = AccentColor;
				CODE_SIGN_STYLE = Automatic;
				CURRENT_PROJECT_VERSION = 1;
				DEVELOPMENT_ASSET_PATHS = "\"CustomizableUIComponents/Preview Content\"";
				DEVELOPMENT_TEAM = 63S346E33C;
				ENABLE_PREVIEWS = YES;
				GENERATE_INFOPLIST_FILE = YES;
				INFOPLIST_KEY_UIApplicationSceneManifest_Generation = YES;
				INFOPLIST_KEY_UIApplicationSupportsIndirectInputEvents = YES;
				INFOPLIST_KEY_UILaunchScreen_Generation = YES;
				INFOPLIST_KEY_UISupportedInterfaceOrientations_iPad = "UIInterfaceOrientationPortrait UIInterfaceOrientationPortraitUpsideDown UIInterfaceOrientationLandscapeLeft UIInterfaceOrientationLandscapeRight";
				INFOPLIST_KEY_UISupportedInterfaceOrientations_iPhone = "UIInterfaceOrientationPortrait UIInterfaceOrientationLandscapeLeft UIInterfaceOrientationLandscapeRight";
				LD_RUNPATH_SEARCH_PATHS = (
					"$(inherited)",
					"@executable_path/Frameworks",
				);
				MARKETING_VERSION = 1.0;
				PRODUCT_BUNDLE_IDENTIFIER = com.pedrocrohare.CustomizableUIComponents;
				PRODUCT_NAME = "$(TARGET_NAME)";
				SWIFT_EMIT_LOC_STRINGS = YES;
				SWIFT_VERSION = 5.0;
				TARGETED_DEVICE_FAMILY = "1,2";
			};
			name = Debug;
		};
		1892C60C2AD73FD600EB794B /* Release */ = {
			isa = XCBuildConfiguration;
			baseConfigurationReference = 8820F5AECD28E8375B6951DD /* Pods-CustomizableUIComponents.release.xcconfig */;
			buildSettings = {
				ASSETCATALOG_COMPILER_APPICON_NAME = AppIcon;
				ASSETCATALOG_COMPILER_GLOBAL_ACCENT_COLOR_NAME = AccentColor;
				CODE_SIGN_STYLE = Automatic;
				CURRENT_PROJECT_VERSION = 1;
				DEVELOPMENT_ASSET_PATHS = "\"CustomizableUIComponents/Preview Content\"";
				DEVELOPMENT_TEAM = 63S346E33C;
				ENABLE_PREVIEWS = YES;
				GENERATE_INFOPLIST_FILE = YES;
				INFOPLIST_KEY_UIApplicationSceneManifest_Generation = YES;
				INFOPLIST_KEY_UIApplicationSupportsIndirectInputEvents = YES;
				INFOPLIST_KEY_UILaunchScreen_Generation = YES;
				INFOPLIST_KEY_UISupportedInterfaceOrientations_iPad = "UIInterfaceOrientationPortrait UIInterfaceOrientationPortraitUpsideDown UIInterfaceOrientationLandscapeLeft UIInterfaceOrientationLandscapeRight";
				INFOPLIST_KEY_UISupportedInterfaceOrientations_iPhone = "UIInterfaceOrientationPortrait UIInterfaceOrientationLandscapeLeft UIInterfaceOrientationLandscapeRight";
				LD_RUNPATH_SEARCH_PATHS = (
					"$(inherited)",
					"@executable_path/Frameworks",
				);
				MARKETING_VERSION = 1.0;
				PRODUCT_BUNDLE_IDENTIFIER = com.pedrocrohare.CustomizableUIComponents;
				PRODUCT_NAME = "$(TARGET_NAME)";
				SWIFT_EMIT_LOC_STRINGS = YES;
				SWIFT_VERSION = 5.0;
				TARGETED_DEVICE_FAMILY = "1,2";
			};
			name = Release;
		};
/* End XCBuildConfiguration section */

/* Begin XCConfigurationList section */
		1892C5F72AD73FD500EB794B /* Build configuration list for PBXProject "CustomizableUIComponents" */ = {
			isa = XCConfigurationList;
			buildConfigurations = (
				1892C6082AD73FD600EB794B /* Debug */,
				1892C6092AD73FD600EB794B /* Release */,
			);
			defaultConfigurationIsVisible = 0;
			defaultConfigurationName = Release;
		};
		1892C60A2AD73FD600EB794B /* Build configuration list for PBXNativeTarget "CustomizableUIComponents" */ = {
			isa = XCConfigurationList;
			buildConfigurations = (
				1892C60B2AD73FD600EB794B /* Debug */,
				1892C60C2AD73FD600EB794B /* Release */,
			);
			defaultConfigurationIsVisible = 0;
			defaultConfigurationName = Release;
		};
/* End XCConfigurationList section */
	};
	rootObject = 1892C5F42AD73FD500EB794B /* Project object */;
}
